// !$*UTF8*$!
{
	archiveVersion = 1;
	classes = {
	};
	objectVersion = 46;
	objects = {

/* Begin PBXBuildFile section */
		D3CF69F916C61BD300873D2B /* UIKit.framework in Frameworks */ = {isa = PBXBuildFile; fileRef = D3CF69F816C61BD300873D2B /* UIKit.framework */; };
		D3CF69FB16C61BD300873D2B /* Foundation.framework in Frameworks */ = {isa = PBXBuildFile; fileRef = D3CF69FA16C61BD300873D2B /* Foundation.framework */; };
		D3CF69FD16C61BD300873D2B /* CoreGraphics.framework in Frameworks */ = {isa = PBXBuildFile; fileRef = D3CF69FC16C61BD300873D2B /* CoreGraphics.framework */; };
		D3CF6A0316C61BD300873D2B /* InfoPlist.strings in Resources */ = {isa = PBXBuildFile; fileRef = D3CF6A0116C61BD300873D2B /* InfoPlist.strings */; };
		D3CF6A0516C61BD300873D2B /* main.m in Sources */ = {isa = PBXBuildFile; fileRef = D3CF6A0416C61BD300873D2B /* main.m */; };
		D3CF6A0916C61BD300873D2B /* SyAppDelegate.m in Sources */ = {isa = PBXBuildFile; fileRef = D3CF6A0816C61BD300873D2B /* SyAppDelegate.m */; };
		D3CF6A0B16C61BD300873D2B /* Default.png in Resources */ = {isa = PBXBuildFile; fileRef = D3CF6A0A16C61BD300873D2B /* Default.png */; };
		D3CF6A0D16C61BD300873D2B /* Default@2x.png in Resources */ = {isa = PBXBuildFile; fileRef = D3CF6A0C16C61BD300873D2B /* Default@2x.png */; };
		D3CF6A0F16C61BD300873D2B /* Default-568h@2x.png in Resources */ = {isa = PBXBuildFile; fileRef = D3CF6A0E16C61BD300873D2B /* Default-568h@2x.png */; };
		D3CF6A1216C61BD300873D2B /* MainStoryboard.storyboard in Resources */ = {isa = PBXBuildFile; fileRef = D3CF6A1016C61BD300873D2B /* MainStoryboard.storyboard */; };
		D3CF6A1516C61BD300873D2B /* SyFirstViewController.m in Sources */ = {isa = PBXBuildFile; fileRef = D3CF6A1416C61BD300873D2B /* SyFirstViewController.m */; };
		D3CF6A1716C61BD300873D2B /* first.png in Resources */ = {isa = PBXBuildFile; fileRef = D3CF6A1616C61BD300873D2B /* first.png */; };
		D3CF6A1916C61BD300873D2B /* first@2x.png in Resources */ = {isa = PBXBuildFile; fileRef = D3CF6A1816C61BD300873D2B /* first@2x.png */; };
		D3CF6A1C16C61BD300873D2B /* SySecondViewController.m in Sources */ = {isa = PBXBuildFile; fileRef = D3CF6A1B16C61BD300873D2B /* SySecondViewController.m */; };
		D3CF6A1E16C61BD300873D2B /* second.png in Resources */ = {isa = PBXBuildFile; fileRef = D3CF6A1D16C61BD300873D2B /* second.png */; };
		D3CF6A2016C61BD300873D2B /* second@2x.png in Resources */ = {isa = PBXBuildFile; fileRef = D3CF6A1F16C61BD300873D2B /* second@2x.png */; };
/* End PBXBuildFile section */

/* Begin PBXFileReference section */
		D3CF69F416C61BD300873D2B /* Serenity.app */ = {isa = PBXFileReference; explicitFileType = wrapper.application; includeInIndex = 0; path = Serenity.app; sourceTree = BUILT_PRODUCTS_DIR; };
		D3CF69F816C61BD300873D2B /* UIKit.framework */ = {isa = PBXFileReference; lastKnownFileType = wrapper.framework; name = UIKit.framework; path = System/Library/Frameworks/UIKit.framework; sourceTree = SDKROOT; };
		D3CF69FA16C61BD300873D2B /* Foundation.framework */ = {isa = PBXFileReference; lastKnownFileType = wrapper.framework; name = Foundation.framework; path = System/Library/Frameworks/Foundation.framework; sourceTree = SDKROOT; };
		D3CF69FC16C61BD300873D2B /* CoreGraphics.framework */ = {isa = PBXFileReference; lastKnownFileType = wrapper.framework; name = CoreGraphics.framework; path = System/Library/Frameworks/CoreGraphics.framework; sourceTree = SDKROOT; };
		D3CF6A0016C61BD300873D2B /* Serenity-Info.plist */ = {isa = PBXFileReference; lastKnownFileType = text.plist.xml; path = "Serenity-Info.plist"; sourceTree = "<group>"; };
		D3CF6A0216C61BD300873D2B /* en */ = {isa = PBXFileReference; lastKnownFileType = text.plist.strings; name = en; path = en.lproj/InfoPlist.strings; sourceTree = "<group>"; };
		D3CF6A0416C61BD300873D2B /* main.m */ = {isa = PBXFileReference; lastKnownFileType = sourcecode.c.objc; path = main.m; sourceTree = "<group>"; };
		D3CF6A0616C61BD300873D2B /* Serenity-Prefix.pch */ = {isa = PBXFileReference; lastKnownFileType = sourcecode.c.h; path = "Serenity-Prefix.pch"; sourceTree = "<group>"; };
		D3CF6A0716C61BD300873D2B /* SyAppDelegate.h */ = {isa = PBXFileReference; lastKnownFileType = sourcecode.c.h; path = SyAppDelegate.h; sourceTree = "<group>"; };
		D3CF6A0816C61BD300873D2B /* SyAppDelegate.m */ = {isa = PBXFileReference; lastKnownFileType = sourcecode.c.objc; path = SyAppDelegate.m; sourceTree = "<group>"; };
		D3CF6A0A16C61BD300873D2B /* Default.png */ = {isa = PBXFileReference; lastKnownFileType = image.png; path = Default.png; sourceTree = "<group>"; };
		D3CF6A0C16C61BD300873D2B /* Default@2x.png */ = {isa = PBXFileReference; lastKnownFileType = image.png; path = "Default@2x.png"; sourceTree = "<group>"; };
		D3CF6A0E16C61BD300873D2B /* Default-568h@2x.png */ = {isa = PBXFileReference; lastKnownFileType = image.png; path = "Default-568h@2x.png"; sourceTree = "<group>"; };
		D3CF6A1116C61BD300873D2B /* en */ = {isa = PBXFileReference; lastKnownFileType = file.storyboard; name = en; path = en.lproj/MainStoryboard.storyboard; sourceTree = "<group>"; };
		D3CF6A1316C61BD300873D2B /* SyFirstViewController.h */ = {isa = PBXFileReference; lastKnownFileType = sourcecode.c.h; path = SyFirstViewController.h; sourceTree = "<group>"; };
		D3CF6A1416C61BD300873D2B /* SyFirstViewController.m */ = {isa = PBXFileReference; lastKnownFileType = sourcecode.c.objc; path = SyFirstViewController.m; sourceTree = "<group>"; };
		D3CF6A1616C61BD300873D2B /* first.png */ = {isa = PBXFileReference; lastKnownFileType = image.png; path = first.png; sourceTree = "<group>"; };
		D3CF6A1816C61BD300873D2B /* first@2x.png */ = {isa = PBXFileReference; lastKnownFileType = image.png; path = "first@2x.png"; sourceTree = "<group>"; };
		D3CF6A1A16C61BD300873D2B /* SySecondViewController.h */ = {isa = PBXFileReference; lastKnownFileType = sourcecode.c.h; path = SySecondViewController.h; sourceTree = "<group>"; };
		D3CF6A1B16C61BD300873D2B /* SySecondViewController.m */ = {isa = PBXFileReference; lastKnownFileType = sourcecode.c.objc; path = SySecondViewController.m; sourceTree = "<group>"; };
		D3CF6A1D16C61BD300873D2B /* second.png */ = {isa = PBXFileReference; lastKnownFileType = image.png; path = second.png; sourceTree = "<group>"; };
		D3CF6A1F16C61BD300873D2B /* second@2x.png */ = {isa = PBXFileReference; lastKnownFileType = image.png; path = "second@2x.png"; sourceTree = "<group>"; };
/* End PBXFileReference section */

/* Begin PBXFrameworksBuildPhase section */
		D3CF69F116C61BD300873D2B /* Frameworks */ = {
			isa = PBXFrameworksBuildPhase;
			buildActionMask = 2147483647;
			files = (
				D3CF69F916C61BD300873D2B /* UIKit.framework in Frameworks */,
				D3CF69FB16C61BD300873D2B /* Foundation.framework in Frameworks */,
				D3CF69FD16C61BD300873D2B /* CoreGraphics.framework in Frameworks */,
			);
			runOnlyForDeploymentPostprocessing = 0;
		};
/* End PBXFrameworksBuildPhase section */

/* Begin PBXGroup section */
		D3CF69E916C61BD300873D2B = {
			isa = PBXGroup;
			children = (
				D3CF69FE16C61BD300873D2B /* Serenity */,
				D3CF69F716C61BD300873D2B /* Frameworks */,
				D3CF69F516C61BD300873D2B /* Products */,
			);
			sourceTree = "<group>";
		};
		D3CF69F516C61BD300873D2B /* Products */ = {
			isa = PBXGroup;
			children = (
				D3CF69F416C61BD300873D2B /* Serenity.app */,
			);
			name = Products;
			sourceTree = "<group>";
		};
		D3CF69F716C61BD300873D2B /* Frameworks */ = {
			isa = PBXGroup;
			children = (
				D3CF69F816C61BD300873D2B /* UIKit.framework */,
				D3CF69FA16C61BD300873D2B /* Foundation.framework */,
				D3CF69FC16C61BD300873D2B /* CoreGraphics.framework */,
			);
			name = Frameworks;
			sourceTree = "<group>";
		};
		D3CF69FE16C61BD300873D2B /* Serenity */ = {
			isa = PBXGroup;
			children = (
				D3CF6A0716C61BD300873D2B /* SyAppDelegate.h */,
				D3CF6A0816C61BD300873D2B /* SyAppDelegate.m */,
				D3CF6A1016C61BD300873D2B /* MainStoryboard.storyboard */,
				D3CF6A1316C61BD300873D2B /* SyFirstViewController.h */,
				D3CF6A1416C61BD300873D2B /* SyFirstViewController.m */,
				D3CF6A1616C61BD300873D2B /* first.png */,
				D3CF6A1816C61BD300873D2B /* first@2x.png */,
				D3CF6A1A16C61BD300873D2B /* SySecondViewController.h */,
				D3CF6A1B16C61BD300873D2B /* SySecondViewController.m */,
				D3CF6A1D16C61BD300873D2B /* second.png */,
				D3CF6A1F16C61BD300873D2B /* second@2x.png */,
				D3CF69FF16C61BD300873D2B /* Supporting Files */,
			);
			path = Serenity;
			sourceTree = "<group>";
		};
		D3CF69FF16C61BD300873D2B /* Supporting Files */ = {
			isa = PBXGroup;
			children = (
				D3CF6A0016C61BD300873D2B /* Serenity-Info.plist */,
				D3CF6A0116C61BD300873D2B /* InfoPlist.strings */,
				D3CF6A0416C61BD300873D2B /* main.m */,
				D3CF6A0616C61BD300873D2B /* Serenity-Prefix.pch */,
				D3CF6A0A16C61BD300873D2B /* Default.png */,
				D3CF6A0C16C61BD300873D2B /* Default@2x.png */,
				D3CF6A0E16C61BD300873D2B /* Default-568h@2x.png */,
			);
			name = "Supporting Files";
			sourceTree = "<group>";
		};
/* End PBXGroup section */

/* Begin PBXNativeTarget section */
		D3CF69F316C61BD300873D2B /* Serenity */ = {
			isa = PBXNativeTarget;
			buildConfigurationList = D3CF6A2316C61BD300873D2B /* Build configuration list for PBXNativeTarget "Serenity" */;
			buildPhases = (
				D3CF69F016C61BD300873D2B /* Sources */,
				D3CF69F116C61BD300873D2B /* Frameworks */,
				D3CF69F216C61BD300873D2B /* Resources */,
			);
			buildRules = (
			);
			dependencies = (
			);
			name = Serenity;
			productName = Serenity;
			productReference = D3CF69F416C61BD300873D2B /* Serenity.app */;
			productType = "com.apple.product-type.application";
		};
/* End PBXNativeTarget section */

/* Begin PBXProject section */
		D3CF69EB16C61BD300873D2B /* Project object */ = {
			isa = PBXProject;
			attributes = {
				CLASSPREFIX = Sy;
				LastUpgradeCheck = 0450;
				ORGANIZATIONNAME = brishin;
			};
			buildConfigurationList = D3CF69EE16C61BD300873D2B /* Build configuration list for PBXProject "Serenity" */;
			compatibilityVersion = "Xcode 3.2";
			developmentRegion = English;
			hasScannedForEncodings = 0;
			knownRegions = (
				en,
			);
			mainGroup = D3CF69E916C61BD300873D2B;
			productRefGroup = D3CF69F516C61BD300873D2B /* Products */;
			projectDirPath = "";
			projectRoot = "";
			targets = (
				D3CF69F316C61BD300873D2B /* Serenity */,
			);
		};
/* End PBXProject section */

/* Begin PBXResourcesBuildPhase section */
		D3CF69F216C61BD300873D2B /* Resources */ = {
			isa = PBXResourcesBuildPhase;
			buildActionMask = 2147483647;
			files = (
				D3CF6A0316C61BD300873D2B /* InfoPlist.strings in Resources */,
				D3CF6A0B16C61BD300873D2B /* Default.png in Resources */,
				D3CF6A0D16C61BD300873D2B /* Default@2x.png in Resources */,
				D3CF6A0F16C61BD300873D2B /* Default-568h@2x.png in Resources */,
				D3CF6A1216C61BD300873D2B /* MainStoryboard.storyboard in Resources */,
				D3CF6A1716C61BD300873D2B /* first.png in Resources */,
				D3CF6A1916C61BD300873D2B /* first@2x.png in Resources */,
				D3CF6A1E16C61BD300873D2B /* second.png in Resources */,
				D3CF6A2016C61BD300873D2B /* second@2x.png in Resources */,
			);
			runOnlyForDeploymentPostprocessing = 0;
		};
/* End PBXResourcesBuildPhase section */

/* Begin PBXSourcesBuildPhase section */
		D3CF69F016C61BD300873D2B /* Sources */ = {
			isa = PBXSourcesBuildPhase;
			buildActionMask = 2147483647;
			files = (
				D3CF6A0516C61BD300873D2B /* main.m in Sources */,
				D3CF6A0916C61BD300873D2B /* SyAppDelegate.m in Sources */,
				D3CF6A1516C61BD300873D2B /* SyFirstViewController.m in Sources */,
				D3CF6A1C16C61BD300873D2B /* SySecondViewController.m in Sources */,
			);
			runOnlyForDeploymentPostprocessing = 0;
		};
/* End PBXSourcesBuildPhase section */

/* Begin PBXVariantGroup section */
		D3CF6A0116C61BD300873D2B /* InfoPlist.strings */ = {
			isa = PBXVariantGroup;
			children = (
				D3CF6A0216C61BD300873D2B /* en */,
			);
			name = InfoPlist.strings;
			sourceTree = "<group>";
		};
		D3CF6A1016C61BD300873D2B /* MainStoryboard.storyboard */ = {
			isa = PBXVariantGroup;
			children = (
				D3CF6A1116C61BD300873D2B /* en */,
			);
			name = MainStoryboard.storyboard;
			sourceTree = "<group>";
		};
/* End PBXVariantGroup section */

/* Begin XCBuildConfiguration section */
		D3CF6A2116C61BD300873D2B /* Debug */ = {
			isa = XCBuildConfiguration;
			buildSettings = {
				ALWAYS_SEARCH_USER_PATHS = NO;
				CLANG_CXX_LANGUAGE_STANDARD = "gnu++0x";
				CLANG_CXX_LIBRARY = "libc++";
				CLANG_ENABLE_OBJC_ARC = YES;
				CLANG_WARN_EMPTY_BODY = YES;
				CLANG_WARN__DUPLICATE_METHOD_MATCH = YES;
				"CODE_SIGN_IDENTITY[sdk=iphoneos*]" = "iPhone Developer";
				COPY_PHASE_STRIP = NO;
				GCC_C_LANGUAGE_STANDARD = gnu99;
				GCC_DYNAMIC_NO_PIC = NO;
				GCC_OPTIMIZATION_LEVEL = 0;
				GCC_PREPROCESSOR_DEFINITIONS = (
					"DEBUG=1",
					"$(inherited)",
				);
				GCC_SYMBOLS_PRIVATE_EXTERN = NO;
				GCC_WARN_ABOUT_RETURN_TYPE = YES;
				GCC_WARN_UNINITIALIZED_AUTOS = YES;
				GCC_WARN_UNUSED_VARIABLE = YES;
				IPHONEOS_DEPLOYMENT_TARGET = 6.0;
				ONLY_ACTIVE_ARCH = YES;
				SDKROOT = iphoneos;
			};
			name = Debug;
		};
		D3CF6A2216C61BD300873D2B /* Release */ = {
			isa = XCBuildConfiguration;
			buildSettings = {
				ALWAYS_SEARCH_USER_PATHS = NO;
				CLANG_CXX_LANGUAGE_STANDARD = "gnu++0x";
				CLANG_CXX_LIBRARY = "libc++";
				CLANG_ENABLE_OBJC_ARC = YES;
				CLANG_WARN_EMPTY_BODY = YES;
				CLANG_WARN__DUPLICATE_METHOD_MATCH = YES;
				"CODE_SIGN_IDENTITY[sdk=iphoneos*]" = "iPhone Developer";
				COPY_PHASE_STRIP = YES;
				GCC_C_LANGUAGE_STANDARD = gnu99;
				GCC_WARN_ABOUT_RETURN_TYPE = YES;
				GCC_WARN_UNINITIALIZED_AUTOS = YES;
				GCC_WARN_UNUSED_VARIABLE = YES;
				IPHONEOS_DEPLOYMENT_TARGET = 6.0;
				OTHER_CFLAGS = "-DNS_BLOCK_ASSERTIONS=1";
				SDKROOT = iphoneos;
				VALIDATE_PRODUCT = YES;
			};
			name = Release;
		};
		D3CF6A2416C61BD300873D2B /* Debug */ = {
			isa = XCBuildConfiguration;
			buildSettings = {
				GCC_PRECOMPILE_PREFIX_HEADER = YES;
				GCC_PREFIX_HEADER = "Serenity/Serenity-Prefix.pch";
				INFOPLIST_FILE = "Serenity/Serenity-Info.plist";
				PRODUCT_NAME = "$(TARGET_NAME)";
				WRAPPER_EXTENSION = app;
			};
			name = Debug;
		};
		D3CF6A2516C61BD300873D2B /* Release */ = {
			isa = XCBuildConfiguration;
			buildSettings = {
				GCC_PRECOMPILE_PREFIX_HEADER = YES;
				GCC_PREFIX_HEADER = "Serenity/Serenity-Prefix.pch";
				INFOPLIST_FILE = "Serenity/Serenity-Info.plist";
				PRODUCT_NAME = "$(TARGET_NAME)";
				WRAPPER_EXTENSION = app;
			};
			name = Release;
		};
/* End XCBuildConfiguration section */

/* Begin XCConfigurationList section */
		D3CF69EE16C61BD300873D2B /* Build configuration list for PBXProject "Serenity" */ = {
			isa = XCConfigurationList;
			buildConfigurations = (
				D3CF6A2116C61BD300873D2B /* Debug */,
				D3CF6A2216C61BD300873D2B /* Release */,
			);
			defaultConfigurationIsVisible = 0;
			defaultConfigurationName = Release;
		};
		D3CF6A2316C61BD300873D2B /* Build configuration list for PBXNativeTarget "Serenity" */ = {
			isa = XCConfigurationList;
			buildConfigurations = (
				D3CF6A2416C61BD300873D2B /* Debug */,
				D3CF6A2516C61BD300873D2B /* Release */,
			);
			defaultConfigurationIsVisible = 0;
		};
/* End XCConfigurationList section */
	};
	rootObject = D3CF69EB16C61BD300873D2B /* Project object */;
}
